{
  "name": "mel",
  "version": "0.0.1",
  "lockfileVersion": 1,
  "requires": true,
  "dependencies": {
    "autoprefixer-core": {
      "version": "5.2.1",
      "resolved": "https://registry.npmjs.org/autoprefixer-core/-/autoprefixer-core-5.2.1.tgz",
      "integrity": "sha1-5kDEFK5Bmq4hwa1DyOoPPbgqVm0=",
      "dev": true
    },
    "color-convert": {
      "version": "1.9.3",
      "resolved": "https://registry.npmjs.org/color-convert/-/color-convert-1.9.3.tgz",
      "integrity": "sha512-QfAUtd+vFdAtFQcC8CCyYt1fYWxSqAiK2cSD6zDB8N3cpsEBAvRxp9zOGg6G/SHHJYAT88/az/IuDGALsNVbGg==",
      "dev": true,
      "requires": {
        "color-name": "1.1.3"
      }
    },
    "color-name": {
      "version": "1.1.3",
      "resolved": "https://registry.npmjs.org/color-name/-/color-name-1.1.3.tgz",
      "integrity": "sha512-72fSenhMw2HZMTVHeCA9KCmpEIbzWiQsjN+BHcBbS9vr1mtt+vJjPdksIBNUmKAW8TFUDPJK5SUU3QhE9NEXDw==",
      "dev": true
    },
    "del": {
      "version": "1.2.1",
      "resolved": "https://registry.npmjs.org/del/-/del-1.2.1.tgz",
      "integrity": "sha1-rtblvNfLcyXfNPVjEl+iZbLBoBQ=",
      "dev": true,
      "dependencies": {
        "object-assign": {
          "version": "3.0.0",
          "resolved": "https://registry.npmjs.org/object-assign/-/object-assign-3.0.0.tgz",
          "integrity": "sha1-m+3VygiXlJvKR+f/QIBi1Un1h/I="
        }
      }
    },
    "escape-string-regexp": {
      "version": "1.0.5",
      "resolved": "https://registry.npmjs.org/escape-string-regexp/-/escape-string-regexp-1.0.5.tgz",
      "integrity": "sha1-G2HAViGQqN/2rjuyzwIAyhMLhtQ=",
      "dev": true
    },
    "gulp": {
      "version": "3.9.1",
      "resolved": "https://registry.npmjs.org/gulp/-/gulp-3.9.1.tgz",
      "integrity": "sha1-VxzkWSjdQK9lFPxAEYZgFsE4RbQ=",
      "dev": true,
      "dependencies": {
        "minimist": {
          "version": "1.2.0",
          "resolved": "https://registry.npmjs.org/minimist/-/minimist-1.2.0.tgz",
          "integrity": "sha1-o1AIsg9BOD7sH7kU9M1d95omQoQ="
        },
        "semver": {
          "version": "4.3.6",
          "resolved": "https://registry.npmjs.org/semver/-/semver-4.3.6.tgz",
          "integrity": "sha1-MAvG4OhjdPe6YQaLWx7NV/xlMto="
        }
      }
    },
    "gulp-bower": {
      "version": "0.0.10",
      "resolved": "https://registry.npmjs.org/gulp-bower/-/gulp-bower-0.0.10.tgz",
      "integrity": "sha1-Eczl5ihJgc2mRi5pm97FJ57E6q4=",
      "dev": true,
      "dependencies": {
        "ansi-regex": {
          "version": "0.2.1",
          "resolved": "https://registry.npmjs.org/ansi-regex/-/ansi-regex-0.2.1.tgz",
          "integrity": "sha1-DY6UaWej2BQ/k+JOKYUl/BsiNfk="
        },
        "ansi-styles": {
          "version": "1.1.0",
          "resolved": "https://registry.npmjs.org/ansi-styles/-/ansi-styles-1.1.0.tgz",
          "integrity": "sha1-6uy/Zs1waIJ2Cy9GkVgrj1XXp94="
        },
        "chalk": {
          "version": "0.5.1",
          "resolved": "https://registry.npmjs.org/chalk/-/chalk-0.5.1.tgz",
          "integrity": "sha1-Zjs6ZItotV0EaQ1JFnqoN4WPIXQ="
        },
        "clone": {
          "version": "0.2.0",
          "resolved": "https://registry.npmjs.org/clone/-/clone-0.2.0.tgz",
          "integrity": "sha1-xhJqkK1Pctv1rNskPMN3JP6T/B8="
        },
        "dateformat": {
          "version": "1.0.12",
          "resolved": "https://registry.npmjs.org/dateformat/-/dateformat-1.0.12.tgz",
          "integrity": "sha1-nxJLZ1lMk3/3BpMuSmQsyo27/uk="
        },
        "gulp-util": {
          "version": "3.0.1",
          "resolved": "https://registry.npmjs.org/gulp-util/-/gulp-util-3.0.1.tgz",
          "integrity": "sha1-ghSJTQXCu2zH9VRJGKUd34gYDwA="
        },
        "has-ansi": {
          "version": "0.1.0",
          "resolved": "https://registry.npmjs.org/has-ansi/-/has-ansi-0.1.0.tgz",
          "integrity": "sha1-hPJlqujA5qiKEtcCKJS3VoiUxi4="
        },
        "isarray": {
          "version": "0.0.1",
          "resolved": "https://registry.npmjs.org/isarray/-/isarray-0.0.1.tgz",
          "integrity": "sha1-ihis/Kmo9Bd+Cav8YDiTmwXR7t8="
        },
        "lodash": {
          "version": "2.4.2",
          "resolved": "https://registry.npmjs.org/lodash/-/lodash-2.4.2.tgz",
          "integrity": "sha1-+t2DS5aDBz2hebPq5tnA0VBT9z4="
        },
        "lodash._reinterpolate": {
          "version": "2.4.1",
          "resolved": "https://registry.npmjs.org/lodash._reinterpolate/-/lodash._reinterpolate-2.4.1.tgz",
          "integrity": "sha1-TxInqlqHEfxjL1sHofRgequLMiI="
        },
        "lodash.escape": {
          "version": "2.4.1",
          "resolved": "https://registry.npmjs.org/lodash.escape/-/lodash.escape-2.4.1.tgz",
          "integrity": "sha1-LOEsXghNsKV92l5dHu659dF1o7Q="
        },
        "lodash.keys": {
          "version": "2.4.1",
          "resolved": "https://registry.npmjs.org/lodash.keys/-/lodash.keys-2.4.1.tgz",
          "integrity": "sha1-SN6kbfj/djKxDXBrissmWR4rNyc="
        },
        "lodash.template": {
          "version": "2.4.1",
          "resolved": "https://registry.npmjs.org/lodash.template/-/lodash.template-2.4.1.tgz",
          "integrity": "sha1-nmEQB+32KRKal0qzxIuBez4c8g0="
        },
        "lodash.templatesettings": {
          "version": "2.4.1",
          "resolved": "https://registry.npmjs.org/lodash.templatesettings/-/lodash.templatesettings-2.4.1.tgz",
          "integrity": "sha1-6nbHXRHrhtTb6JqDiTu4YZKaxpk="
        },
        "minimist": {
          "version": "1.2.0",
          "resolved": "https://registry.npmjs.org/minimist/-/minimist-1.2.0.tgz",
          "integrity": "sha1-o1AIsg9BOD7sH7kU9M1d95omQoQ="
        },
        "readable-stream": {
          "version": "1.0.34",
          "resolved": "https://registry.npmjs.org/readable-stream/-/readable-stream-1.0.34.tgz",
          "integrity": "sha1-Elgg40vIQtLyqq+v5MKRbuMsFXw="
        },
        "string_decoder": {
          "version": "0.10.31",
          "resolved": "https://registry.npmjs.org/string_decoder/-/string_decoder-0.10.31.tgz",
          "integrity": "sha1-YuIDvEF2bGwoyfyEMB2rHFMQ+pQ="
        },
        "strip-ansi": {
          "version": "0.3.0",
          "resolved": "https://registry.npmjs.org/strip-ansi/-/strip-ansi-0.3.0.tgz",
          "integrity": "sha1-JfSOoiynkYfzF0pNuHWTR7sSYiA="
        },
        "supports-color": {
          "version": "0.2.0",
          "resolved": "https://registry.npmjs.org/supports-color/-/supports-color-0.2.0.tgz",
          "integrity": "sha1-2S3iaU6z9nMjlz1649i1W0wiGQo="
        },
        "through2": {
          "version": "0.6.2",
          "resolved": "https://registry.npmjs.org/through2/-/through2-0.6.2.tgz",
          "integrity": "sha1-UyZYJMVV5/zcQRHc3FLH3mRjbHU="
        },
        "vinyl": {
          "version": "0.4.6",
          "resolved": "https://registry.npmjs.org/vinyl/-/vinyl-0.4.6.tgz",
          "integrity": "sha1-LzVsh6VQolVGHza76ypbqL94SEc="
        }
      }
    },
    "gulp-coffee": {
      "version": "2.3.4",
      "resolved": "https://registry.npmjs.org/gulp-coffee/-/gulp-coffee-2.3.4.tgz",
      "integrity": "sha1-6Zdfrz8mdG+y5y2p4/MsnbV0bao=",
      "dev": true
    },
    "gulp-filter": {
      "version": "2.0.2",
      "resolved": "https://registry.npmjs.org/gulp-filter/-/gulp-filter-2.0.2.tgz",
      "integrity": "sha1-HOsdET7plCzt1J9YY7Qr5EvHzSw=",
      "dev": true,
      "dependencies": {
        "isarray": {
          "version": "0.0.1",
          "resolved": "https://registry.npmjs.org/isarray/-/isarray-0.0.1.tgz",
          "integrity": "sha1-ihis/Kmo9Bd+Cav8YDiTmwXR7t8="
        },
        "readable-stream": {
          "version": "1.0.34",
          "resolved": "https://registry.npmjs.org/readable-stream/-/readable-stream-1.0.34.tgz",
          "integrity": "sha1-Elgg40vIQtLyqq+v5MKRbuMsFXw="
        },
        "string_decoder": {
          "version": "0.10.31",
          "resolved": "https://registry.npmjs.org/string_decoder/-/string_decoder-0.10.31.tgz",
          "integrity": "sha1-YuIDvEF2bGwoyfyEMB2rHFMQ+pQ="
        },
        "through2": {
          "version": "0.6.5",
          "resolved": "https://registry.npmjs.org/through2/-/through2-0.6.5.tgz",
          "integrity": "sha1-QaucZ7KdVyCQcUEOHXp6lozTrUg="
        }
      }
    },
    "gulp-livereload": {
      "version": "3.8.1",
      "resolved": "https://registry.npmjs.org/gulp-livereload/-/gulp-livereload-3.8.1.tgz",
      "integrity": "sha1-APdEstdJ0+njdGWJyKRKysd5tQ8=",
      "dev": true,
      "dependencies": {
        "ansi-regex": {
          "version": "0.2.1",
          "resolved": "https://registry.npmjs.org/ansi-regex/-/ansi-regex-0.2.1.tgz",
          "integrity": "sha1-DY6UaWej2BQ/k+JOKYUl/BsiNfk="
        },
        "ansi-styles": {
          "version": "1.1.0",
          "resolved": "https://registry.npmjs.org/ansi-styles/-/ansi-styles-1.1.0.tgz",
          "integrity": "sha1-6uy/Zs1waIJ2Cy9GkVgrj1XXp94="
        },
        "chalk": {
          "version": "0.5.1",
          "resolved": "https://registry.npmjs.org/chalk/-/chalk-0.5.1.tgz",
          "integrity": "sha1-Zjs6ZItotV0EaQ1JFnqoN4WPIXQ="
        },
        "has-ansi": {
          "version": "0.1.0",
          "resolved": "https://registry.npmjs.org/has-ansi/-/has-ansi-0.1.0.tgz",
          "integrity": "sha1-hPJlqujA5qiKEtcCKJS3VoiUxi4="
        },
        "strip-ansi": {
          "version": "0.3.0",
          "resolved": "https://registry.npmjs.org/strip-ansi/-/strip-ansi-0.3.0.tgz",
          "integrity": "sha1-JfSOoiynkYfzF0pNuHWTR7sSYiA="
        },
        "supports-color": {
          "version": "0.2.0",
          "resolved": "https://registry.npmjs.org/supports-color/-/supports-color-0.2.0.tgz",
          "integrity": "sha1-2S3iaU6z9nMjlz1649i1W0wiGQo="
        }
      }
    },
    "gulp-load-plugins": {
      "version": "0.9.0",
      "resolved": "https://registry.npmjs.org/gulp-load-plugins/-/gulp-load-plugins-0.9.0.tgz",
      "integrity": "sha1-fK33WAj2B8G9awMjCDMt1mXW5DQ=",
      "dev": true,
      "dependencies": {
        "findup-sync": {
          "version": "0.2.1",
          "resolved": "https://registry.npmjs.org/findup-sync/-/findup-sync-0.2.1.tgz",
          "integrity": "sha1-4KkKRQB1xJRm7lE3MgV1FLgeh4w="
        },
        "glob": {
          "version": "4.3.5",
          "resolved": "https://registry.npmjs.org/glob/-/glob-4.3.5.tgz",
          "integrity": "sha1-gPuwjKVA8jiszl0R0em8QedRc9M="
        },
        "minimatch": {
          "version": "2.0.10",
          "resolved": "https://registry.npmjs.org/minimatch/-/minimatch-2.0.10.tgz",
          "integrity": "sha1-jQh8OcazjAAbl/ynzm0OHoCvusc="
        },
        "multimatch": {
          "version": "2.0.0",
          "resolved": "https://registry.npmjs.org/multimatch/-/multimatch-2.0.0.tgz",
          "integrity": "sha1-xa2kJTV7dEulSELr3OHI8L5UK28="
        }
      }
    },
    "gulp-minify-css": {
      "version": "1.2.4",
      "resolved": "https://registry.npmjs.org/gulp-minify-css/-/gulp-minify-css-1.2.4.tgz",
      "integrity": "sha1-thZJV2Auon+eWtiCJ2ld0gV3jAY=",
      "dev": true
    },
    "gulp-plumber": {
      "version": "1.1.0",
      "resolved": "https://registry.npmjs.org/gulp-plumber/-/gulp-plumber-1.1.0.tgz",
      "integrity": "sha1-8SF2wtBCL2AwbCQv/2oBo5T6ugk=",
      "dev": true
    },
    "gulp-postcss": {
      "version": "4.0.3",
      "resolved": "https://registry.npmjs.org/gulp-postcss/-/gulp-postcss-4.0.3.tgz",
      "integrity": "sha1-4NiDm9s/XgKh/sK3A0MSj/PJtEg=",
      "dev": true,
      "dependencies": {
        "isarray": {
          "version": "0.0.1",
          "resolved": "https://registry.npmjs.org/isarray/-/isarray-0.0.1.tgz",
          "integrity": "sha1-ihis/Kmo9Bd+Cav8YDiTmwXR7t8="
        },
        "readable-stream": {
          "version": "1.0.34",
          "resolved": "https://registry.npmjs.org/readable-stream/-/readable-stream-1.0.34.tgz",
          "integrity": "sha1-Elgg40vIQtLyqq+v5MKRbuMsFXw="
        },
        "source-map": {
          "version": "0.1.43",
          "resolved": "https://registry.npmjs.org/source-map/-/source-map-0.1.43.tgz",
          "integrity": "sha1-wkvBRspRfBRx9drL4lcbK3+eM0Y="
        },
        "string_decoder": {
          "version": "0.10.31",
          "resolved": "https://registry.npmjs.org/string_decoder/-/string_decoder-0.10.31.tgz",
          "integrity": "sha1-YuIDvEF2bGwoyfyEMB2rHFMQ+pQ="
        },
        "through2": {
          "version": "0.6.5",
          "resolved": "https://registry.npmjs.org/through2/-/through2-0.6.5.tgz",
          "integrity": "sha1-QaucZ7KdVyCQcUEOHXp6lozTrUg="
        },
        "vinyl-sourcemaps-apply": {
          "version": "0.1.4",
          "resolved": "https://registry.npmjs.org/vinyl-sourcemaps-apply/-/vinyl-sourcemaps-apply-0.1.4.tgz",
          "integrity": "sha1-xfy9Q+LyOEI8LcmL3db3m3K8NFs="
        }
      }
    },
    "gulp-rename2": {
      "version": "0.1.5",
      "resolved": "https://registry.npmjs.org/gulp-rename2/-/gulp-rename2-0.1.5.tgz",
      "integrity": "sha1-Tjt7N3lnqdmvc4DqCWHzpqM33BY=",
      "dev": true,
      "dependencies": {
        "ansi-regex": {
          "version": "0.2.1",
          "resolved": "https://registry.npmjs.org/ansi-regex/-/ansi-regex-0.2.1.tgz",
          "integrity": "sha1-DY6UaWej2BQ/k+JOKYUl/BsiNfk="
        },
        "ansi-styles": {
          "version": "1.1.0",
          "resolved": "https://registry.npmjs.org/ansi-styles/-/ansi-styles-1.1.0.tgz",
          "integrity": "sha1-6uy/Zs1waIJ2Cy9GkVgrj1XXp94="
        },
        "chalk": {
          "version": "0.5.1",
          "resolved": "https://registry.npmjs.org/chalk/-/chalk-0.5.1.tgz",
          "integrity": "sha1-Zjs6ZItotV0EaQ1JFnqoN4WPIXQ="
        },
        "dateformat": {
          "version": "1.0.12",
          "resolved": "https://registry.npmjs.org/dateformat/-/dateformat-1.0.12.tgz",
          "integrity": "sha1-nxJLZ1lMk3/3BpMuSmQsyo27/uk="
        },
        "gulp-util": {
          "version": "2.2.20",
          "resolved": "https://registry.npmjs.org/gulp-util/-/gulp-util-2.2.20.tgz",
          "integrity": "sha1-1xRuVyiRC9jwR6awseVJvCLb1kw=",
          "dependencies": {
            "through2": {
              "version": "0.5.1",
              "resolved": "https://registry.npmjs.org/through2/-/through2-0.5.1.tgz",
              "integrity": "sha1-390BLrnHAOIyP9M084rGIqs3Lac="
            }
          }
        },
        "has-ansi": {
          "version": "0.1.0",
          "resolved": "https://registry.npmjs.org/has-ansi/-/has-ansi-0.1.0.tgz",
          "integrity": "sha1-hPJlqujA5qiKEtcCKJS3VoiUxi4="
        },
        "isarray": {
          "version": "0.0.1",
          "resolved": "https://registry.npmjs.org/isarray/-/isarray-0.0.1.tgz",
          "integrity": "sha1-ihis/Kmo9Bd+Cav8YDiTmwXR7t8="
        },
        "lodash._reinterpolate": {
          "version": "2.4.1",
          "resolved": "https://registry.npmjs.org/lodash._reinterpolate/-/lodash._reinterpolate-2.4.1.tgz",
          "integrity": "sha1-TxInqlqHEfxjL1sHofRgequLMiI="
        },
        "lodash.escape": {
          "version": "2.4.1",
          "resolved": "https://registry.npmjs.org/lodash.escape/-/lodash.escape-2.4.1.tgz",
          "integrity": "sha1-LOEsXghNsKV92l5dHu659dF1o7Q="
        },
        "lodash.keys": {
          "version": "2.4.1",
          "resolved": "https://registry.npmjs.org/lodash.keys/-/lodash.keys-2.4.1.tgz",
          "integrity": "sha1-SN6kbfj/djKxDXBrissmWR4rNyc="
        },
        "lodash.template": {
          "version": "2.4.1",
          "resolved": "https://registry.npmjs.org/lodash.template/-/lodash.template-2.4.1.tgz",
          "integrity": "sha1-nmEQB+32KRKal0qzxIuBez4c8g0="
        },
        "lodash.templatesettings": {
          "version": "2.4.1",
          "resolved": "https://registry.npmjs.org/lodash.templatesettings/-/lodash.templatesettings-2.4.1.tgz",
          "integrity": "sha1-6nbHXRHrhtTb6JqDiTu4YZKaxpk="
        },
        "minimist": {
          "version": "0.2.0",
          "resolved": "https://registry.npmjs.org/minimist/-/minimist-0.2.0.tgz",
          "integrity": "sha1-Tf/lJdriuGTGbC4jxicdev3s784="
        },
        "readable-stream": {
          "version": "1.0.34",
          "resolved": "https://registry.npmjs.org/readable-stream/-/readable-stream-1.0.34.tgz",
          "integrity": "sha1-Elgg40vIQtLyqq+v5MKRbuMsFXw="
        },
        "string_decoder": {
          "version": "0.10.31",
          "resolved": "https://registry.npmjs.org/string_decoder/-/string_decoder-0.10.31.tgz",
          "integrity": "sha1-YuIDvEF2bGwoyfyEMB2rHFMQ+pQ="
        },
        "strip-ansi": {
          "version": "0.3.0",
          "resolved": "https://registry.npmjs.org/strip-ansi/-/strip-ansi-0.3.0.tgz",
          "integrity": "sha1-JfSOoiynkYfzF0pNuHWTR7sSYiA="
        },
        "supports-color": {
          "version": "0.2.0",
          "resolved": "https://registry.npmjs.org/supports-color/-/supports-color-0.2.0.tgz",
          "integrity": "sha1-2S3iaU6z9nMjlz1649i1W0wiGQo="
        },
        "through2": {
          "version": "0.6.5",
          "resolved": "https://registry.npmjs.org/through2/-/through2-0.6.5.tgz",
          "integrity": "sha1-QaucZ7KdVyCQcUEOHXp6lozTrUg=",
          "dependencies": {
            "xtend": {
              "version": "4.0.1",
              "resolved": "https://registry.npmjs.org/xtend/-/xtend-4.0.1.tgz",
              "integrity": "sha1-pcbVMr5lbiPbgg77lDofBJmNY68="
            }
          }
        },
        "vinyl": {
          "version": "0.2.3",
          "resolved": "https://registry.npmjs.org/vinyl/-/vinyl-0.2.3.tgz",
          "integrity": "sha1-vKk4IJWC7FpJrVOKAPofEl5RMlI="
        },
        "xtend": {
          "version": "3.0.0",
          "resolved": "https://registry.npmjs.org/xtend/-/xtend-3.0.0.tgz",
          "integrity": "sha1-XM50B7r2Qsunvs2laBEcST9ZZlo="
        }
      }
    },
    "gulp-sass": {
      "version": "3.1.0",
      "resolved": "https://registry.npmjs.org/gulp-sass/-/gulp-sass-3.1.0.tgz",
      "integrity": "sha1-U9xLaKH13f5EJKtMJHZVJpqLdLc=",
      "dev": true
    },
    "gulp-sourcemaps": {
      "version": "1.12.0",
      "resolved": "https://registry.npmjs.org/gulp-sourcemaps/-/gulp-sourcemaps-1.12.0.tgz",
      "integrity": "sha1-eG+XyUoPloSSRl1wVY4EJCxnlZg=",
      "dev": true,
      "dependencies": {
        "strip-bom": {
          "version": "2.0.0",
          "resolved": "https://registry.npmjs.org/strip-bom/-/strip-bom-2.0.0.tgz",
          "integrity": "sha1-YhmoVhZSBJHzV4i9vxRHqZx+aw4="
        },
        "vinyl": {
          "version": "1.2.0",
          "resolved": "https://registry.npmjs.org/vinyl/-/vinyl-1.2.0.tgz",
          "integrity": "sha1-XIgDbPVl5d8FVYv8kR+GVt8hiIQ="
        }
      }
    },
    "gulp-util": {
      "version": "3.0.8",
      "resolved": "https://registry.npmjs.org/gulp-util/-/gulp-util-3.0.8.tgz",
      "integrity": "sha1-AFTh50RQLifATBh8PsxQXdVLu08=",
      "dev": true,
      "dependencies": {
        "minimist": {
          "version": "1.2.0",
          "resolved": "https://registry.npmjs.org/minimist/-/minimist-1.2.0.tgz",
          "integrity": "sha1-o1AIsg9BOD7sH7kU9M1d95omQoQ="
        },
        "object-assign": {
          "version": "3.0.0",
          "resolved": "https://registry.npmjs.org/object-assign/-/object-assign-3.0.0.tgz",
          "integrity": "sha1-m+3VygiXlJvKR+f/QIBi1Un1h/I="
        }
      }
    },
    "gulp-watch": {
      "version": "4.3.11",
      "resolved": "https://registry.npmjs.org/gulp-watch/-/gulp-watch-4.3.11.tgz",
      "integrity": "sha1-Fi/FY96fx3DpH5p845VVE6mhGMA=",
      "dev": true,
      "dependencies": {
        "glob-parent": {
          "version": "3.1.0",
          "resolved": "https://registry.npmjs.org/glob-parent/-/glob-parent-3.1.0.tgz",
          "integrity": "sha1-nmr2KZ2NO9K9QEMIMr0RPfkGxa4="
        },
        "is-extglob": {
          "version": "2.1.1",
          "resolved": "https://registry.npmjs.org/is-extglob/-/is-extglob-2.1.1.tgz",
          "integrity": "sha1-qIwCU1eR8C7TfHahueqXc8gz+MI="
        },
        "is-glob": {
          "version": "3.1.0",
          "resolved": "https://registry.npmjs.org/is-glob/-/is-glob-3.1.0.tgz",
          "integrity": "sha1-e6WuJCF4BKxwcHuWkiVnSGzD6Eo="
        },
        "vinyl": {
          "version": "1.2.0",
          "resolved": "https://registry.npmjs.org/vinyl/-/vinyl-1.2.0.tgz",
          "integrity": "sha1-XIgDbPVl5d8FVYv8kR+GVt8hiIQ="
        }
      }
    },
    "has-flag": {
      "version": "3.0.0",
      "resolved": "https://registry.npmjs.org/has-flag/-/has-flag-3.0.0.tgz",
      "integrity": "sha512-sKJf1+ceQBr4SMkvQnBDNDtf4TXpVhVGateu0t918bl30FnbE2m4vNLX+VWe/dpjlb+HugGYzW7uQXH98HPEYw==",
      "dev": true
    },
    "node-gyp": {
      "version": "3.6.1",
      "resolved": "https://registry.npmjs.org/node-gyp/-/node-gyp-3.6.1.tgz",
      "integrity": "sha1-GVYQZ/8YVGSt7UeCEmgfR/1XjLw="
    },
    "postcss": {
      "version": "7.0.36",
      "resolved": "https://registry.npmjs.org/postcss/-/postcss-7.0.36.tgz",
      "integrity": "sha512-BebJSIUMwJHRH0HAQoxN4u1CN86glsrwsW0q7T+/m44eXOUAxSNdHRkNZPYz5vVUbg17hFgOQDE7fZk7li3pZw==",
      "dev": true,
      "requires": {
        "chalk": "^2.4.2",
        "source-map": "^0.6.1",
        "supports-color": "^6.1.0"
      },
      "dependencies": {
        "ansi-styles": {
          "version": "3.2.1",
          "resolved": "https://registry.npmjs.org/ansi-styles/-/ansi-styles-3.2.1.tgz",
          "integrity": "sha512-VT0ZI6kZRdTh8YyJw3SMbYm/u+NqfsAxEpWO0Pf9sq8/e94WxxOpPKx9FR1FlyCtOVDNOQ+8ntlqFxiRc+r5qA==",
          "dev": true,
          "requires": {
            "color-convert": "^1.9.0"
          }
        },
        "chalk": {
          "version": "2.4.2",
          "resolved": "https://registry.npmjs.org/chalk/-/chalk-2.4.2.tgz",
          "integrity": "sha512-Mti+f9lpJNcwF4tWV8/OrTTtF1gZi+f8FqlyAdouralcFWFQWF2+NgCHShjkCb+IFBLq9buZwE1xckQU4peSuQ==",
          "dev": true,
          "requires": {
            "ansi-styles": "^3.2.1",
            "escape-string-regexp": "^1.0.5",
            "supports-color": "^5.3.0"
          },
          "dependencies": {
            "supports-color": {
              "version": "5.5.0",
              "resolved": "https://registry.npmjs.org/supports-color/-/supports-color-5.5.0.tgz",
              "integrity": "sha512-QjVjwdXIt408MIiAqCX4oUKsgU2EqAGzs2Ppkm4aQYbjm+ZEWEcW4SfFNTr4uMNZma0ey4f5lgLrkB0aX0QMow==",
              "dev": true,
              "requires": {
                "has-flag": "^3.0.0"
              }
            }
          }
        },
        "source-map": {
          "version": "0.6.1",
          "resolved": "https://registry.npmjs.org/source-map/-/source-map-0.6.1.tgz",
          "integrity": "sha512-UjgapumWlbMhkBgzT7Ykc5YXUT46F0iKu8SGXq0bcwP5dz/h0Plj6enJqjz1Zbq2l5WaqYnrVbwWOWMyF3F47g==",
          "dev": true
        },
        "supports-color": {
          "version": "6.1.0",
          "resolved": "https://registry.npmjs.org/supports-color/-/supports-color-6.1.0.tgz",
          "integrity": "sha512-qe1jfm1Mg7Nq/NSh6XE24gPXROEVsWHxC1LIx//XNlD9iw7YZQGjZNjYN7xGaEG6iKdA8EtNFW6R0gjnVXp+wQ==",
          "dev": true,
          "requires": {
            "has-flag": "^3.0.0"
          }
        }
      }
    },
    "postcss-epub": {
      "version": "2.3.0",
      "resolved": "https://registry.npmjs.org/postcss-epub/-/postcss-epub-2.3.0.tgz",
      "integrity": "sha1-Apk9bdl95Aonh7QtfYI/qPoajps=",
      "dev": true
    },
    "requirejs": {
      "version": "2.3.3",
      "resolved": "https://registry.npmjs.org/requirejs/-/requirejs-2.3.3.tgz",
      "integrity": "sha1-qln9OgKH6vQHlZoTgigES13WpqM=",
      "dev": true
    },
    "run-sequence": {
      "version": "1.2.2",
      "resolved": "https://registry.npmjs.org/run-sequence/-/run-sequence-1.2.2.tgz",
      "integrity": "sha1-UJWgvr6YczsBQL0I3YDsAw3azes=",
      "dev": true
    }
  }
}
